
Microsoft Visual Studio Solution File, Format Version 12.00
# Visual Studio Version 17
VisualStudioVersion = 17.1.32414.318
MinimumVisualStudioVersion = 10.0.40219.1
Project("{FAE04EC0-301F-11D3-BF4B-00C04F79EFBC}") = "Day-9-AddressBook", "Day-9-AddressBook.csproj", "{46019F2A-D0D4-4EBD-B76D-63BC95271B80}"
EndProject
Global
	GlobalSection(SolutionConfigurationPlatforms) = preSolution
		Debug|Any CPU = Debug|Any CPU
		Release|Any CPU = Release|Any CPU
	EndGlobalSection
	GlobalSection(ProjectConfigurationPlatforms) = postSolution
		{46019F2A-D0D4-4EBD-B76D-63BC95271B80}.Debug|Any CPU.ActiveCfg = Debug|Any CPU
		{46019F2A-D0D4-4EBD-B76D-63BC95271B80}.Debug|Any CPU.Build.0 = Debug|Any CPU
		{46019F2A-D0D4-4EBD-B76D-63BC95271B80}.Release|Any CPU.ActiveCfg = Release|Any CPU
		{46019F2A-D0D4-4EBD-B76D-63BC95271B80}.Release|Any CPU.Build.0 = Release|Any CPU
	EndGlobalSection
	GlobalSection(SolutionProperties) = preSolution
		HideSolutionNode = FALSE
	EndGlobalSection
	GlobalSection(ExtensibilityGlobals) = postSolution
		SolutionGuid = {F5860395-BFCD-40C7-B1A4-BB4C3D7690D9}
	EndGlobalSection
EndGlobal
